{
  "originHash" : "5e756b578ae15e6c7e69d01fcca1da19d57e12da602233b74baae3cc5ef05a13",
  "pins" : [
    {
      "identity" : "mlx-swift",
      "kind" : "remoteSourceControl",
      "location" : "https://github.com/ml-explore/mlx-swift.git",
      "state" : {
        "revision" : "dc43e62d7055353c7f99fa071a4e71d29dfddc44",
        "version" : "0.31.4"
      }
    },
    {
      "identity" : "swift-numerics",
      "kind" : "remoteSourceControl",
      "location" : "https://github.com/apple/swift-numerics",
      "state" : {
        "revision" : "0c0290ff6b24942dadb83a929ffaaa1481df04a2",
        "version" : "1.1.1"
      }
    }
  ],
  "version" : 3
}
