{
  "lockfileVersion": 2,
  "configVersion": 1,
  "workspaces": {
    "": {
      "name": "vgpu-node-demo",
      "dependencies": {
        "pngjs": "^7.0.0",
        "vgpu": "^0.3.1",
      },
    },
  },
  "packages": {
    "@modelcontextprotocol/core": ["@modelcontextprotocol/core@2.0.0", "", { "dependencies": { "zod": "^4.2.0" } }, "sha512-pJCEwGG7Lfr/+PQp9ZTwKXNeO5wzbfKL7H3MYpCorM4oFBoQrdjnBgEoqG+RjhsvS1FKrDbKux+M1HhlnGWqcA=="],

    "@modelcontextprotocol/server": ["@modelcontextprotocol/server@2.0.0", "", { "dependencies": { "@modelcontextprotocol/core": "2.0.0", "zod": "^4.2.0" } }, "sha512-YhHWdHfpFMQfd0prsEnxKeS3Qz3ytIGmsS0sth4KDjnacIT7hxk6hXHkJ9KysxlkvTM+WZAtQbbcUhdoP4Hvtw=="],

    "@vgpu/adapter-mock": ["@vgpu/adapter-mock@0.3.1", "", { "dependencies": { "@vgpu/core": "0.3.1" } }, "sha512-uZxTFPHLYd1nOxGxluvni50tsjnUTQ2eOhjJ/YwWynO7k906AD0byJxN0V6BbYb1MK/xM/EF+/cA8tKCrvY0yA=="],

    "@vgpu/adapter-node": ["@vgpu/adapter-node@0.3.1", "", { "dependencies": { "@vgpu/core": "0.3.1", "webgpu": "0.4.0" } }, "sha512-DtGxI8q3bAh3aN1JdT2EJhUEEbiuVC3U5nd3JLCbn+8zQlxmzs/+lsLo3TzD0gXr7fWHHdOiYYv0xIvAC/1UnQ=="],

    "@vgpu/core": ["@vgpu/core@0.3.1", "", { "dependencies": { "@vgpu/wgsl": "0.3.1" } }, "sha512-HO0J2LplV+UiJNv1gp8k3Vog6hD/E84HEi5xHj0GxxJ8ZQT7a3kGlyMxGTrNuALXKNPziZzzZl8XHdiX1YNp8w=="],

    "@vgpu/wgsl": ["@vgpu/wgsl@0.3.1", "", { "dependencies": { "@vgpu/wgsl-std": "0.3.1" }, "peerDependencies": { "@vgpu/adapter-node": ">=0.1.6 <1.0.0" }, "optionalPeers": ["@vgpu/adapter-node"] }, "sha512-/D3l/+0Kw/Hnr79AvxsLUjp21/ZeTcbBmvltXkftyHBXqs0YZf+0AVOeMpMyWjV24lGPrPgIqDsGpmKS38y7Ow=="],

    "@vgpu/wgsl-std": ["@vgpu/wgsl-std@0.3.1", "", {}, "sha512-9MuJ9/YfJLkCjusjPU81sHfnHZs2k4Yv66TKJEqYNXma5Z+GDPEq8GNksMeKxb9WiXfTjp1TjOR/8GhyEOeuFA=="],

    "@webgpu/types": ["@webgpu/types@0.1.72", "", {}, "sha512-0cF7RFM2edNoiIS1ODJp0/Gzv4/xSXhwoR0YCza+OWpJWtn4wmo9DvK91aLlH9+uUnwIriP7ZiC3WitmyhuzBw=="],

    "debug": ["debug@4.4.3", "", { "dependencies": { "ms": "^2.1.3" }, "peerDependencies": { "supports-color": "*" }, "optionalPeers": ["supports-color"] }, "sha512-RGwwWnwQvkVfavKVt22FGLw+xYSdzARwm0ru6DhTVA3umU5hZc28V3kO4stgYryrTlLpuvgI9GiijltAjNbcqA=="],

    "ms": ["ms@2.1.3", "", {}, "sha512-6FlzubTLZG3J2a/NVCAleEhjzq5oxgHyaCU9yYXvcLsvoVaHJq/s5xXI6/XXP6tz7R9xAOtHnSO/tXtF3WRTlA=="],

    "pixelmatch": ["pixelmatch@7.2.0", "", { "dependencies": { "pngjs": "^7.0.0" }, "bin": { "pixelmatch": "bin/pixelmatch" } }, "sha512-xhcb4yHu9sM/G7foGzoLtXYcC0zHEaOXXjRKhGup0fw78Nf2Tkiapv4EQyMzrbcmQPsllAI7DbFY2UT7PlI9Pg=="],

    "pngjs": ["pngjs@7.0.0", "", {}, "sha512-LKWqWJRhstyYo9pGvgor/ivk2w94eSjE3RGVuzLGlr3NmD8bf7RcYGze1mNdEHRP6TRP6rMuDHk5t44hnTRyow=="],

    "vgpu": ["vgpu@0.3.1", "", { "dependencies": { "@modelcontextprotocol/server": "2.0.0", "@vgpu/adapter-mock": "0.3.1", "@vgpu/adapter-node": "0.3.1", "@vgpu/core": "0.3.1", "@vgpu/wgsl": "0.3.1", "@vgpu/wgsl-std": "0.3.1", "@webgpu/types": "^0.1.69", "pixelmatch": "^7.2.0", "pngjs": "^7.0.0", "wgpu-matrix": "^3.4.2", "zod": "^4.4.3" }, "bin": { "vgpu": "bin/vgpu.js" } }, "sha512-NeEETis2aCr0I9/8dy42lueNGNs3GZxL+0OmjLI82wlgPD/4WpW/XNX4xduc+ChxFqOJtjEYsz297VS9GmIuyA=="],

    "webgpu": ["webgpu@0.4.0", "", { "dependencies": { "@webgpu/types": "^0.1.69", "debug": "^4.4.0" } }, "sha512-F5pimn3Aoi0zWjuRdiVs5TnrUwSzD2lESBohsIUsqyitWkGRQlXU2fhV6ycXlQTa1bvAf3sjqiUpBEpmSQ5ptA=="],

    "wgpu-matrix": ["wgpu-matrix@3.4.2", "", {}, "sha512-IfZFbG7olEYBD76VCZy2TzqM57GKy3LT++AZh37tMHPPByO6R2h61zXGBZFNPi2IzxNivNi8y5dvze5PjaczjA=="],

    "zod": ["zod@4.5.4", "", {}, "sha512-sC95tT5iHHH9gtpj6A81kh+NEaRAUFN+qlUPDUbRfOMvNf5QCBqsb3WgvnpVtK5Y+4UfA6KqufotuTvMGiTlsA=="],
  }
}
